
Microsoft Visual Studio Solution File, Format Version 12.00
# Visual Studio Version 16
VisualStudioVersion = 16.0.32228.343
MinimumVisualStudioVersion = 10.0.40219.1
Project("{FAE04EC0-301F-11D3-BF4B-00C04F79EFBC}") = "WF_Quiz", "WF_Quiz\WF_Quiz.csproj", "{89ADDC0F-D370-4D04-A3D1-94BC37BF6EF8}"
EndProject
Global
	GlobalSection(SolutionConfigurationPlatforms) = preSolution
		Debug|Any CPU = Debug|Any CPU
		Debug|x64 = Debug|x64
		Release|Any CPU = Release|Any CPU
		Release|x64 = Release|x64
		SharpQuiz|Any CPU = SharpQuiz|Any CPU
		SharpQuiz|x64 = SharpQuiz|x64
	EndGlobalSection
	GlobalSection(ProjectConfigurationPlatforms) = postSolution
		{89ADDC0F-D370-4D04-A3D1-94BC37BF6EF8}.Debug|Any CPU.ActiveCfg = Debug|Any CPU
		{89ADDC0F-D370-4D04-A3D1-94BC37BF6EF8}.Debug|Any CPU.Build.0 = Debug|Any CPU
		{89ADDC0F-D370-4D04-A3D1-94BC37BF6EF8}.Debug|x64.ActiveCfg = Debug|x64
		{89ADDC0F-D370-4D04-A3D1-94BC37BF6EF8}.Debug|x64.Build.0 = Debug|x64
		{89ADDC0F-D370-4D04-A3D1-94BC37BF6EF8}.Release|Any CPU.ActiveCfg = Release|Any CPU
		{89ADDC0F-D370-4D04-A3D1-94BC37BF6EF8}.Release|Any CPU.Build.0 = Release|Any CPU
		{89ADDC0F-D370-4D04-A3D1-94BC37BF6EF8}.Release|x64.ActiveCfg = Release|x64
		{89ADDC0F-D370-4D04-A3D1-94BC37BF6EF8}.Release|x64.Build.0 = Release|x64
		{89ADDC0F-D370-4D04-A3D1-94BC37BF6EF8}.SharpQuiz|Any CPU.ActiveCfg = SharpQuiz|Any CPU
		{89ADDC0F-D370-4D04-A3D1-94BC37BF6EF8}.SharpQuiz|Any CPU.Build.0 = SharpQuiz|Any CPU
		{89ADDC0F-D370-4D04-A3D1-94BC37BF6EF8}.SharpQuiz|x64.ActiveCfg = SharpQuiz|x64
	EndGlobalSection
	GlobalSection(SolutionProperties) = preSolution
		HideSolutionNode = FALSE
	EndGlobalSection
	GlobalSection(ExtensibilityGlobals) = postSolution
		SolutionGuid = {64BA0268-92F1-4EE9-A827-9871108E9DD8}
	EndGlobalSection
EndGlobal
